
Microsoft Visual Studio Solution File, Format Version 12.00
# Visual Studio Version 17
VisualStudioVersion = 17.7.34024.191
MinimumVisualStudioVersion = 10.0.40219.1
Project("{9A19103F-16F7-4668-BE54-9A1E7A4F7556}") = "Event Manager_v2", "Event Manager_v2.csproj", "{56DE8FE8-E9A8-4959-8D3A-2233690ADBCE}"
EndProject
Global
	GlobalSection(SolutionConfigurationPlatforms) = preSolution
		Debug|Any CPU = Debug|Any CPU
		Release|Any CPU = Release|Any CPU
	EndGlobalSection
	GlobalSection(ProjectConfigurationPlatforms) = postSolution
		{56DE8FE8-E9A8-4959-8D3A-2233690ADBCE}.Debug|Any CPU.ActiveCfg = Debug|Any CPU
		{56DE8FE8-E9A8-4959-8D3A-2233690ADBCE}.Debug|Any CPU.Build.0 = Debug|Any CPU
		{56DE8FE8-E9A8-4959-8D3A-2233690ADBCE}.Release|Any CPU.ActiveCfg = Release|Any CPU
		{56DE8FE8-E9A8-4959-8D3A-2233690ADBCE}.Release|Any CPU.Build.0 = Release|Any CPU
	EndGlobalSection
	GlobalSection(SolutionProperties) = preSolution
		HideSolutionNode = FALSE
	EndGlobalSection
	GlobalSection(ExtensibilityGlobals) = postSolution
		SolutionGuid = {BA9BD975-D171-4C95-AF44-FB5E853C2C6C}
	EndGlobalSection
EndGlobal
